
Microsoft Visual Studio Solution File, Format Version 12.00
# Visual Studio Version 16
VisualStudioVersion = 16.0.30309.148
MinimumVisualStudioVersion = 10.0.40219.1
Project("{9A19103F-16F7-4668-BE54-9A1E7A4F7556}") = "Finance.Domain", "app\Finance.Domain\Finance.Domain.csproj", "{DAC9A996-AB3E-4A2C-9D7B-940185E3F22A}"
EndProject
Project("{9A19103F-16F7-4668-BE54-9A1E7A4F7556}") = "Finance.WebApi", "app\Finance.WebApi\Finance.WebApi.csproj", "{8FA815BF-85D1-4654-BD8F-67F914A04483}"
EndProject
Project("{9A19103F-16F7-4668-BE54-9A1E7A4F7556}") = "Finance.Web", "app\Finance.Web\Finance.Web.csproj", "{25CA1A35-84FC-4A4A-B22B-58633DD9A324}"
EndProject
Project("{9A19103F-16F7-4668-BE54-9A1E7A4F7556}") = "Finance.Access", "app\Finance.Business\Finance.Access.csproj", "{2502E407-225A-402B-B490-C4D63B92F33B}"
EndProject
Project("{9A19103F-16F7-4668-BE54-9A1E7A4F7556}") = "Finance.Data", "app\Finance.Data\Finance.Data.csproj", "{2897A57E-C8DD-4D69-9C45-880206851753}"
EndProject
Global
	GlobalSection(SolutionConfigurationPlatforms) = preSolution
		Debug|Any CPU = Debug|Any CPU
		Release|Any CPU = Release|Any CPU
	EndGlobalSection
	GlobalSection(ProjectConfigurationPlatforms) = postSolution
		{DAC9A996-AB3E-4A2C-9D7B-940185E3F22A}.Debug|Any CPU.ActiveCfg = Debug|Any CPU
		{DAC9A996-AB3E-4A2C-9D7B-940185E3F22A}.Debug|Any CPU.Build.0 = Debug|Any CPU
		{DAC9A996-AB3E-4A2C-9D7B-940185E3F22A}.Release|Any CPU.ActiveCfg = Release|Any CPU
		{DAC9A996-AB3E-4A2C-9D7B-940185E3F22A}.Release|Any CPU.Build.0 = Release|Any CPU
		{8FA815BF-85D1-4654-BD8F-67F914A04483}.Debug|Any CPU.ActiveCfg = Debug|Any CPU
		{8FA815BF-85D1-4654-BD8F-67F914A04483}.Debug|Any CPU.Build.0 = Debug|Any CPU
		{8FA815BF-85D1-4654-BD8F-67F914A04483}.Release|Any CPU.ActiveCfg = Release|Any CPU
		{8FA815BF-85D1-4654-BD8F-67F914A04483}.Release|Any CPU.Build.0 = Release|Any CPU
		{25CA1A35-84FC-4A4A-B22B-58633DD9A324}.Debug|Any CPU.ActiveCfg = Debug|Any CPU
		{25CA1A35-84FC-4A4A-B22B-58633DD9A324}.Debug|Any CPU.Build.0 = Debug|Any CPU
		{25CA1A35-84FC-4A4A-B22B-58633DD9A324}.Release|Any CPU.ActiveCfg = Release|Any CPU
		{25CA1A35-84FC-4A4A-B22B-58633DD9A324}.Release|Any CPU.Build.0 = Release|Any CPU
		{2502E407-225A-402B-B490-C4D63B92F33B}.Debug|Any CPU.ActiveCfg = Debug|Any CPU
		{2502E407-225A-402B-B490-C4D63B92F33B}.Debug|Any CPU.Build.0 = Debug|Any CPU
		{2502E407-225A-402B-B490-C4D63B92F33B}.Release|Any CPU.ActiveCfg = Release|Any CPU
		{2502E407-225A-402B-B490-C4D63B92F33B}.Release|Any CPU.Build.0 = Release|Any CPU
		{2897A57E-C8DD-4D69-9C45-880206851753}.Debug|Any CPU.ActiveCfg = Debug|Any CPU
		{2897A57E-C8DD-4D69-9C45-880206851753}.Debug|Any CPU.Build.0 = Debug|Any CPU
		{2897A57E-C8DD-4D69-9C45-880206851753}.Release|Any CPU.ActiveCfg = Release|Any CPU
		{2897A57E-C8DD-4D69-9C45-880206851753}.Release|Any CPU.Build.0 = Release|Any CPU
	EndGlobalSection
	GlobalSection(SolutionProperties) = preSolution
		HideSolutionNode = FALSE
	EndGlobalSection
	GlobalSection(ExtensibilityGlobals) = postSolution
		SolutionGuid = {6494A641-2627-459D-96CB-773D8EB80D5E}
	EndGlobalSection
EndGlobal
